
Microsoft Visual Studio Solution File, Format Version 12.00
# Visual Studio Version 17
VisualStudioVersion = 17.9.34728.123
MinimumVisualStudioVersion = 10.0.40219.1
Project("{FAE04EC0-301F-11D3-BF4B-00C04F79EFBC}") = "WpfApp15", "WpfApp15\WpfApp15.csproj", "{46F08B10-E794-4145-AD5B-0DD8F52DC606}"
EndProject
Global
	GlobalSection(SolutionConfigurationPlatforms) = preSolution
		Debug|Any CPU = Debug|Any CPU
		Release|Any CPU = Release|Any CPU
	EndGlobalSection
	GlobalSection(ProjectConfigurationPlatforms) = postSolution
		{46F08B10-E794-4145-AD5B-0DD8F52DC606}.Debug|Any CPU.ActiveCfg = Debug|Any CPU
		{46F08B10-E794-4145-AD5B-0DD8F52DC606}.Debug|Any CPU.Build.0 = Debug|Any CPU
		{46F08B10-E794-4145-AD5B-0DD8F52DC606}.Release|Any CPU.ActiveCfg = Release|Any CPU
		{46F08B10-E794-4145-AD5B-0DD8F52DC606}.Release|Any CPU.Build.0 = Release|Any CPU
	EndGlobalSection
	GlobalSection(SolutionProperties) = preSolution
		HideSolutionNode = FALSE
	EndGlobalSection
	GlobalSection(ExtensibilityGlobals) = postSolution
		SolutionGuid = {1E4B0FBF-8EC2-4DE4-AE04-590C5A7B88DA}
	EndGlobalSection
EndGlobal
